
Microsoft Visual Studio Solution File, Format Version 12.00
# Visual Studio Version 16
VisualStudioVersion = 16.0.32002.261
MinimumVisualStudioVersion = 10.0.40219.1
Project("{2150E333-8FDC-42A3-9474-1A3956D46DE8}") = "Services", "Services", "{3264F2DF-C1B9-43AE-8895-329E4B2BF145}"
EndProject
Project("{FAE04EC0-301F-11D3-BF4B-00C04F79EFBC}") = "Directory.Services.Phonebook", "Phonebook\Directory.Services.Phonebook\Directory.Services.Phonebook.csproj", "{B12E42D6-BB1B-40CA-8CFD-93E3A9E92877}"
EndProject
Global
	GlobalSection(SolutionConfigurationPlatforms) = preSolution
		Debug|Any CPU = Debug|Any CPU
		Release|Any CPU = Release|Any CPU
	EndGlobalSection
	GlobalSection(ProjectConfigurationPlatforms) = postSolution
		{B12E42D6-BB1B-40CA-8CFD-93E3A9E92877}.Debug|Any CPU.ActiveCfg = Debug|Any CPU
		{B12E42D6-BB1B-40CA-8CFD-93E3A9E92877}.Debug|Any CPU.Build.0 = Debug|Any CPU
		{B12E42D6-BB1B-40CA-8CFD-93E3A9E92877}.Release|Any CPU.ActiveCfg = Release|Any CPU
		{B12E42D6-BB1B-40CA-8CFD-93E3A9E92877}.Release|Any CPU.Build.0 = Release|Any CPU
	EndGlobalSection
	GlobalSection(SolutionProperties) = preSolution
		HideSolutionNode = FALSE
	EndGlobalSection
	GlobalSection(NestedProjects) = preSolution
		{B12E42D6-BB1B-40CA-8CFD-93E3A9E92877} = {3264F2DF-C1B9-43AE-8895-329E4B2BF145}
	EndGlobalSection
	GlobalSection(ExtensibilityGlobals) = postSolution
		SolutionGuid = {58EE55DE-D143-4394-8571-17D6AA6967B7}
	EndGlobalSection
EndGlobal
